
Microsoft Visual Studio Solution File, Format Version 12.00
# Visual Studio Version 16
VisualStudioVersion = 16.0.31624.102
MinimumVisualStudioVersion = 10.0.40219.1
Project("{FAE04EC0-301F-11D3-BF4B-00C04F79EFBC}") = "Webapplication", "Webapplication\Webapplication.csproj", "{4D980121-5AEF-4571-8497-358A283DC712}"
EndProject
Global
	GlobalSection(SolutionConfigurationPlatforms) = preSolution
		Debug|Any CPU = Debug|Any CPU
		Release|Any CPU = Release|Any CPU
	EndGlobalSection
	GlobalSection(ProjectConfigurationPlatforms) = postSolution
		{4D980121-5AEF-4571-8497-358A283DC712}.Debug|Any CPU.ActiveCfg = Debug|Any CPU
		{4D980121-5AEF-4571-8497-358A283DC712}.Debug|Any CPU.Build.0 = Debug|Any CPU
		{4D980121-5AEF-4571-8497-358A283DC712}.Release|Any CPU.ActiveCfg = Release|Any CPU
		{4D980121-5AEF-4571-8497-358A283DC712}.Release|Any CPU.Build.0 = Release|Any CPU
	EndGlobalSection
	GlobalSection(SolutionProperties) = preSolution
		HideSolutionNode = FALSE
	EndGlobalSection
	GlobalSection(ExtensibilityGlobals) = postSolution
		SolutionGuid = {80A9B733-80A6-4B0D-9729-371A307BB90E}
	EndGlobalSection
EndGlobal
